
Microsoft Visual Studio Solution File, Format Version 12.00
# Visual Studio Version 16
VisualStudioVersion = 16.0.31702.278
MinimumVisualStudioVersion = 10.0.40219.1
Project("{9A19103F-16F7-4668-BE54-9A1E7A4F7556}") = "TechnovertAtm.CLI", "TechnovertAtm.CLI.csproj", "{9812FBCF-1A51-4888-9B73-B8E6C12B3403}"
EndProject
Project("{9A19103F-16F7-4668-BE54-9A1E7A4F7556}") = "TechonovertAtm.Models", "..\TechonovertAtm.Models\TechonovertAtm.Models.csproj", "{6DE61F27-1F97-42B7-96F3-E247B668A574}"
EndProject
Project("{9A19103F-16F7-4668-BE54-9A1E7A4F7556}") = "TechnovertAtm.Services", "..\TechnovertAtm.Services\TechnovertAtm.Services.csproj", "{4322B585-1C4C-4DB5-B51B-858301B090D7}"
EndProject
Project("{FAE04EC0-301F-11D3-BF4B-00C04F79EFBC}") = "Technovert.WebApi", "..\Technovert.WebApi\Technovert.WebApi.csproj", "{6BCF7073-3CDA-440C-978B-65840EE7B474}"
EndProject
Global
	GlobalSection(SolutionConfigurationPlatforms) = preSolution
		Debug|Any CPU = Debug|Any CPU
		Release|Any CPU = Release|Any CPU
	EndGlobalSection
	GlobalSection(ProjectConfigurationPlatforms) = postSolution
		{9812FBCF-1A51-4888-9B73-B8E6C12B3403}.Debug|Any CPU.ActiveCfg = Debug|Any CPU
		{9812FBCF-1A51-4888-9B73-B8E6C12B3403}.Debug|Any CPU.Build.0 = Debug|Any CPU
		{9812FBCF-1A51-4888-9B73-B8E6C12B3403}.Release|Any CPU.ActiveCfg = Release|Any CPU
		{9812FBCF-1A51-4888-9B73-B8E6C12B3403}.Release|Any CPU.Build.0 = Release|Any CPU
		{6DE61F27-1F97-42B7-96F3-E247B668A574}.Debug|Any CPU.ActiveCfg = Debug|Any CPU
		{6DE61F27-1F97-42B7-96F3-E247B668A574}.Debug|Any CPU.Build.0 = Debug|Any CPU
		{6DE61F27-1F97-42B7-96F3-E247B668A574}.Release|Any CPU.ActiveCfg = Release|Any CPU
		{6DE61F27-1F97-42B7-96F3-E247B668A574}.Release|Any CPU.Build.0 = Release|Any CPU
		{4322B585-1C4C-4DB5-B51B-858301B090D7}.Debug|Any CPU.ActiveCfg = Debug|Any CPU
		{4322B585-1C4C-4DB5-B51B-858301B090D7}.Debug|Any CPU.Build.0 = Debug|Any CPU
		{4322B585-1C4C-4DB5-B51B-858301B090D7}.Release|Any CPU.ActiveCfg = Release|Any CPU
		{4322B585-1C4C-4DB5-B51B-858301B090D7}.Release|Any CPU.Build.0 = Release|Any CPU
		{6BCF7073-3CDA-440C-978B-65840EE7B474}.Debug|Any CPU.ActiveCfg = Debug|Any CPU
		{6BCF7073-3CDA-440C-978B-65840EE7B474}.Debug|Any CPU.Build.0 = Debug|Any CPU
		{6BCF7073-3CDA-440C-978B-65840EE7B474}.Release|Any CPU.ActiveCfg = Release|Any CPU
		{6BCF7073-3CDA-440C-978B-65840EE7B474}.Release|Any CPU.Build.0 = Release|Any CPU
	EndGlobalSection
	GlobalSection(SolutionProperties) = preSolution
		HideSolutionNode = FALSE
	EndGlobalSection
	GlobalSection(ExtensibilityGlobals) = postSolution
		SolutionGuid = {57138243-AF8C-415D-9B2E-183BE64675FB}
	EndGlobalSection
EndGlobal
